
Microsoft Visual Studio Solution File, Format Version 12.00
# Visual Studio Version 16
VisualStudioVersion = 16.0.808.3
MinimumVisualStudioVersion = 10.0.40219.1
Project("{FAE04EC0-301F-11D3-BF4B-00C04F79EFBC}") = "ATM", "ATM\ATM.csproj", "{0927C1BA-39C7-437C-929B-9FC5D584B43D}"
EndProject
Global
	GlobalSection(SolutionConfigurationPlatforms) = preSolution
		Debug|anycpu = Debug|anycpu
		Release|anycpu = Release|anycpu
	EndGlobalSection
	GlobalSection(ProjectConfigurationPlatforms) = postSolution
		{0927C1BA-39C7-437C-929B-9FC5D584B43D}.Debug|anycpu.ActiveCfg = Debug|anycpu
		{0927C1BA-39C7-437C-929B-9FC5D584B43D}.Debug|anycpu.Build.0 = Debug|anycpu
		{0927C1BA-39C7-437C-929B-9FC5D584B43D}.Release|anycpu.ActiveCfg = Release|anycpu
		{0927C1BA-39C7-437C-929B-9FC5D584B43D}.Release|anycpu.Build.0 = Release|anycpu
	EndGlobalSection
	GlobalSection(SolutionProperties) = preSolution
		HideSolutionNode = FALSE
	EndGlobalSection
	GlobalSection(ExtensibilityGlobals) = postSolution
		SolutionGuid = {5B3877A3-9C69-458E-A3A8-596FEC474632}
	EndGlobalSection
EndGlobal
